// !$*UTF8*$!
{
	archiveVersion = 1;
	classes = {
	};
	objectVersion = 46;
	objects = {

/* Begin PBXBuildFile section */
		8A25A5741D665FDC000CC88A /* Page2ViewController.swift in Sources */ = {isa = PBXBuildFile; fileRef = 8A25A5731D665FDC000CC88A /* Page2ViewController.swift */; };
		8A25A5761D66602B000CC88A /* MailViewController.swift in Sources */ = {isa = PBXBuildFile; fileRef = 8A25A5751D66602B000CC88A /* MailViewController.swift */; };
		8A25A5781D6660A0000CC88A /* MessageUI.framework in Frameworks */ = {isa = PBXBuildFile; fileRef = 8A25A5771D6660A0000CC88A /* MessageUI.framework */; };
		8A6F16201ED69FE2004D0988 /* SentencePage.swift in Sources */ = {isa = PBXBuildFile; fileRef = 8A6F161F1ED69FE2004D0988 /* SentencePage.swift */; };
		8A7711381E159E4C00047CDB /* ReturningViewController.swift in Sources */ = {isa = PBXBuildFile; fileRef = 8A7711371E159E4C00047CDB /* ReturningViewController.swift */; };
		8A7D47D91E22602D008669A6 /* CPViewController.swift in Sources */ = {isa = PBXBuildFile; fileRef = 8A7D47D81E22602D008669A6 /* CPViewController.swift */; };
		8A7D47DB1E22A51D008669A6 /* SOBViewController.swift in Sources */ = {isa = PBXBuildFile; fileRef = 8A7D47DA1E22A51D008669A6 /* SOBViewController.swift */; };
		8A7D47DD1E22AA07008669A6 /* PalpsViewController.swift in Sources */ = {isa = PBXBuildFile; fileRef = 8A7D47DC1E22AA07008669A6 /* PalpsViewController.swift */; };
		8A8C61BB1D66C3C0007CDB38 /* GeneralViewController.swift in Sources */ = {isa = PBXBuildFile; fileRef = 8A8C61BA1D66C3C0007CDB38 /* GeneralViewController.swift */; };
		8A8C61BD1D66DDCA007CDB38 /* Page3ViewController.swift in Sources */ = {isa = PBXBuildFile; fileRef = 8A8C61BC1D66DDC9007CDB38 /* Page3ViewController.swift */; };
		8A8C61BF1D6963AD007CDB38 /* Page5ViewController.swift in Sources */ = {isa = PBXBuildFile; fileRef = 8A8C61BE1D6963AD007CDB38 /* Page5ViewController.swift */; };
		8AD5B1131E1B4679002D3C0B /* UIButtonWInfo.swift in Sources */ = {isa = PBXBuildFile; fileRef = 8AD5B1121E1B4679002D3C0B /* UIButtonWInfo.swift */; };
		8ADC63721D5304E000DBFAE9 /* AppDelegate.swift in Sources */ = {isa = PBXBuildFile; fileRef = 8ADC63711D5304E000DBFAE9 /* AppDelegate.swift */; };
		8ADC63741D5304E000DBFAE9 /* FirstViewController.swift in Sources */ = {isa = PBXBuildFile; fileRef = 8ADC63731D5304E000DBFAE9 /* FirstViewController.swift */; };
		8ADC63791D5304E100DBFAE9 /* Main.storyboard in Resources */ = {isa = PBXBuildFile; fileRef = 8ADC63771D5304E100DBFAE9 /* Main.storyboard */; };
		8ADC637B1D5304E100DBFAE9 /* Assets.xcassets in Resources */ = {isa = PBXBuildFile; fileRef = 8ADC637A1D5304E100DBFAE9 /* Assets.xcassets */; };
		8ADC637E1D5304E100DBFAE9 /* LaunchScreen.storyboard in Resources */ = {isa = PBXBuildFile; fileRef = 8ADC637C1D5304E100DBFAE9 /* LaunchScreen.storyboard */; };
		8AE3C3BB1E1FD712006141D1 /* CPView.swift in Sources */ = {isa = PBXBuildFile; fileRef = 8AE3C3BA1E1FD712006141D1 /* CPView.swift */; };
		8AFA7BB71E7F1A2600A5FE0F /* ButtonViewController.swift in Sources */ = {isa = PBXBuildFile; fileRef = 8AFA7BB61E7F1A2600A5FE0F /* ButtonViewController.swift */; };
		8AFA7BB91E7F389700A5FE0F /* ToggleableButton.swift in Sources */ = {isa = PBXBuildFile; fileRef = 8AFA7BB81E7F389700A5FE0F /* ToggleableButton.swift */; };
/* End PBXBuildFile section */

/* Begin PBXFileReference section */
		8A25A5731D665FDC000CC88A /* Page2ViewController.swift */ = {isa = PBXFileReference; fileEncoding = 4; lastKnownFileType = sourcecode.swift; path = Page2ViewController.swift; sourceTree = "<group>"; };
		8A25A5751D66602B000CC88A /* MailViewController.swift */ = {isa = PBXFileReference; fileEncoding = 4; lastKnownFileType = sourcecode.swift; path = MailViewController.swift; sourceTree = "<group>"; };
		8A25A5771D6660A0000CC88A /* MessageUI.framework */ = {isa = PBXFileReference; lastKnownFileType = wrapper.framework; name = MessageUI.framework; path = System/Library/Frameworks/MessageUI.framework; sourceTree = SDKROOT; };
		8A6F161F1ED69FE2004D0988 /* SentencePage.swift */ = {isa = PBXFileReference; fileEncoding = 4; lastKnownFileType = sourcecode.swift; path = SentencePage.swift; sourceTree = "<group>"; };
		8A7711371E159E4C00047CDB /* ReturningViewController.swift */ = {isa = PBXFileReference; fileEncoding = 4; lastKnownFileType = sourcecode.swift; path = ReturningViewController.swift; sourceTree = "<group>"; };
		8A7D47D81E22602D008669A6 /* CPViewController.swift */ = {isa = PBXFileReference; fileEncoding = 4; lastKnownFileType = sourcecode.swift; path = CPViewController.swift; sourceTree = "<group>"; };
		8A7D47DA1E22A51D008669A6 /* SOBViewController.swift */ = {isa = PBXFileReference; fileEncoding = 4; lastKnownFileType = sourcecode.swift; path = SOBViewController.swift; sourceTree = "<group>"; };
		8A7D47DC1E22AA07008669A6 /* PalpsViewController.swift */ = {isa = PBXFileReference; fileEncoding = 4; lastKnownFileType = sourcecode.swift; path = PalpsViewController.swift; sourceTree = "<group>"; };
		8A8C61BA1D66C3C0007CDB38 /* GeneralViewController.swift */ = {isa = PBXFileReference; fileEncoding = 4; lastKnownFileType = sourcecode.swift; path = GeneralViewController.swift; sourceTree = "<group>"; };
		8A8C61BC1D66DDC9007CDB38 /* Page3ViewController.swift */ = {isa = PBXFileReference; fileEncoding = 4; lastKnownFileType = sourcecode.swift; path = Page3ViewController.swift; sourceTree = "<group>"; };
		8A8C61BE1D6963AD007CDB38 /* Page5ViewController.swift */ = {isa = PBXFileReference; fileEncoding = 4; lastKnownFileType = sourcecode.swift; path = Page5ViewController.swift; sourceTree = "<group>"; };
		8AD5B1121E1B4679002D3C0B /* UIButtonWInfo.swift */ = {isa = PBXFileReference; fileEncoding = 4; lastKnownFileType = sourcecode.swift; path = UIButtonWInfo.swift; sourceTree = "<group>"; };
		8ADC636E1D5304DF00DBFAE9 /* PatientInterface.app */ = {isa = PBXFileReference; explicitFileType = wrapper.application; includeInIndex = 0; path = PatientInterface.app; sourceTree = BUILT_PRODUCTS_DIR; };
		8ADC63711D5304E000DBFAE9 /* AppDelegate.swift */ = {isa = PBXFileReference; lastKnownFileType = sourcecode.swift; path = AppDelegate.swift; sourceTree = "<group>"; };
		8ADC63731D5304E000DBFAE9 /* FirstViewController.swift */ = {isa = PBXFileReference; lastKnownFileType = sourcecode.swift; path = FirstViewController.swift; sourceTree = "<group>"; };
		8ADC63781D5304E100DBFAE9 /* Base */ = {isa = PBXFileReference; lastKnownFileType = file.storyboard; name = Base; path = Base.lproj/Main.storyboard; sourceTree = "<group>"; };
		8ADC637A1D5304E100DBFAE9 /* Assets.xcassets */ = {isa = PBXFileReference; lastKnownFileType = folder.assetcatalog; path = Assets.xcassets; sourceTree = "<group>"; };
		8ADC637D1D5304E100DBFAE9 /* Base */ = {isa = PBXFileReference; lastKnownFileType = file.storyboard; name = Base; path = Base.lproj/LaunchScreen.storyboard; sourceTree = "<group>"; };
		8ADC637F1D5304E100DBFAE9 /* Info.plist */ = {isa = PBXFileReference; lastKnownFileType = text.plist.xml; path = Info.plist; sourceTree = "<group>"; };
		8AE3C3BA1E1FD712006141D1 /* CPView.swift */ = {isa = PBXFileReference; fileEncoding = 4; lastKnownFileType = sourcecode.swift; path = CPView.swift; sourceTree = "<group>"; };
		8AFA7BB61E7F1A2600A5FE0F /* ButtonViewController.swift */ = {isa = PBXFileReference; fileEncoding = 4; lastKnownFileType = sourcecode.swift; path = ButtonViewController.swift; sourceTree = "<group>"; };
		8AFA7BB81E7F389700A5FE0F /* ToggleableButton.swift */ = {isa = PBXFileReference; fileEncoding = 4; lastKnownFileType = sourcecode.swift; path = ToggleableButton.swift; sourceTree = "<group>"; };
/* End PBXFileReference section */

/* Begin PBXFrameworksBuildPhase section */
		8ADC636B1D5304DF00DBFAE9 /* Frameworks */ = {
			isa = PBXFrameworksBuildPhase;
			buildActionMask = 2147483647;
			files = (
				8A25A5781D6660A0000CC88A /* MessageUI.framework in Frameworks */,
			);
			runOnlyForDeploymentPostprocessing = 0;
		};
/* End PBXFrameworksBuildPhase section */

/* Begin PBXGroup section */
		8ADC63651D5304DF00DBFAE9 = {
			isa = PBXGroup;
			children = (
				8A25A5771D6660A0000CC88A /* MessageUI.framework */,
				8ADC63701D5304E000DBFAE9 /* PatientInterface */,
				8ADC636F1D5304DF00DBFAE9 /* Products */,
			);
			sourceTree = "<group>";
		};
		8ADC636F1D5304DF00DBFAE9 /* Products */ = {
			isa = PBXGroup;
			children = (
				8ADC636E1D5304DF00DBFAE9 /* PatientInterface.app */,
			);
			name = Products;
			sourceTree = "<group>";
		};
		8ADC63701D5304E000DBFAE9 /* PatientInterface */ = {
			isa = PBXGroup;
			children = (
				8ADC63711D5304E000DBFAE9 /* AppDelegate.swift */,
				8ADC63731D5304E000DBFAE9 /* FirstViewController.swift */,
				8ADC63771D5304E100DBFAE9 /* Main.storyboard */,
				8ADC637A1D5304E100DBFAE9 /* Assets.xcassets */,
				8ADC637C1D5304E100DBFAE9 /* LaunchScreen.storyboard */,
				8ADC637F1D5304E100DBFAE9 /* Info.plist */,
				8A25A5731D665FDC000CC88A /* Page2ViewController.swift */,
				8A25A5751D66602B000CC88A /* MailViewController.swift */,
				8A8C61BA1D66C3C0007CDB38 /* GeneralViewController.swift */,
				8A8C61BC1D66DDC9007CDB38 /* Page3ViewController.swift */,
				8A8C61BE1D6963AD007CDB38 /* Page5ViewController.swift */,
				8A7711371E159E4C00047CDB /* ReturningViewController.swift */,
				8AD5B1121E1B4679002D3C0B /* UIButtonWInfo.swift */,
				8AE3C3BA1E1FD712006141D1 /* CPView.swift */,
				8A7D47D81E22602D008669A6 /* CPViewController.swift */,
				8A7D47DA1E22A51D008669A6 /* SOBViewController.swift */,
				8A7D47DC1E22AA07008669A6 /* PalpsViewController.swift */,
				8AFA7BB61E7F1A2600A5FE0F /* ButtonViewController.swift */,
				8AFA7BB81E7F389700A5FE0F /* ToggleableButton.swift */,
				8A6F161F1ED69FE2004D0988 /* SentencePage.swift */,
			);
			path = PatientInterface;
			sourceTree = "<group>";
		};
/* End PBXGroup section */

/* Begin PBXNativeTarget section */
		8ADC636D1D5304DF00DBFAE9 /* PatientInterface */ = {
			isa = PBXNativeTarget;
			buildConfigurationList = 8ADC63821D5304E100DBFAE9 /* Build configuration list for PBXNativeTarget "PatientInterface" */;
			buildPhases = (
				8ADC636A1D5304DF00DBFAE9 /* Sources */,
				8ADC636B1D5304DF00DBFAE9 /* Frameworks */,
				8ADC636C1D5304DF00DBFAE9 /* Resources */,
			);
			buildRules = (
			);
			dependencies = (
			);
			name = PatientInterface;
			productName = PatientInterface;
			productReference = 8ADC636E1D5304DF00DBFAE9 /* PatientInterface.app */;
			productType = "com.apple.product-type.application";
		};
/* End PBXNativeTarget section */

/* Begin PBXProject section */
		8ADC63661D5304DF00DBFAE9 /* Project object */ = {
			isa = PBXProject;
			attributes = {
				LastSwiftUpdateCheck = 0730;
				LastUpgradeCheck = 0730;
				ORGANIZATIONNAME = KayGames;
				TargetAttributes = {
					8ADC636D1D5304DF00DBFAE9 = {
						CreatedOnToolsVersion = 7.3.1;
						DevelopmentTeam = 53AQUB9G3Q;
						LastSwiftMigration = 0820;
						ProvisioningStyle = Automatic;
					};
				};
			};
			buildConfigurationList = 8ADC63691D5304DF00DBFAE9 /* Build configuration list for PBXProject "PatientInterface" */;
			compatibilityVersion = "Xcode 3.2";
			developmentRegion = English;
			hasScannedForEncodings = 0;
			knownRegions = (
				en,
				Base,
			);
			mainGroup = 8ADC63651D5304DF00DBFAE9;
			productRefGroup = 8ADC636F1D5304DF00DBFAE9 /* Products */;
			projectDirPath = "";
			projectRoot = "";
			targets = (
				8ADC636D1D5304DF00DBFAE9 /* PatientInterface */,
			);
		};
/* End PBXProject section */

/* Begin PBXResourcesBuildPhase section */
		8ADC636C1D5304DF00DBFAE9 /* Resources */ = {
			isa = PBXResourcesBuildPhase;
			buildActionMask = 2147483647;
			files = (
				8ADC637E1D5304E100DBFAE9 /* LaunchScreen.storyboard in Resources */,
				8ADC637B1D5304E100DBFAE9 /* Assets.xcassets in Resources */,
				8ADC63791D5304E100DBFAE9 /* Main.storyboard in Resources */,
			);
			runOnlyForDeploymentPostprocessing = 0;
		};
/* End PBXResourcesBuildPhase section */

/* Begin PBXSourcesBuildPhase section */
		8ADC636A1D5304DF00DBFAE9 /* Sources */ = {
			isa = PBXSourcesBuildPhase;
			buildActionMask = 2147483647;
			files = (
				8ADC63721D5304E000DBFAE9 /* AppDelegate.swift in Sources */,
				8AFA7BB91E7F389700A5FE0F /* ToggleableButton.swift in Sources */,
				8A7D47DB1E22A51D008669A6 /* SOBViewController.swift in Sources */,
				8A8C61BF1D6963AD007CDB38 /* Page5ViewController.swift in Sources */,
				8A8C61BD1D66DDCA007CDB38 /* Page3ViewController.swift in Sources */,
				8AE3C3BB1E1FD712006141D1 /* CPView.swift in Sources */,
				8A25A5761D66602B000CC88A /* MailViewController.swift in Sources */,
				8A8C61BB1D66C3C0007CDB38 /* GeneralViewController.swift in Sources */,
				8A7711381E159E4C00047CDB /* ReturningViewController.swift in Sources */,
				8AFA7BB71E7F1A2600A5FE0F /* ButtonViewController.swift in Sources */,
				8A25A5741D665FDC000CC88A /* Page2ViewController.swift in Sources */,
				8ADC63741D5304E000DBFAE9 /* FirstViewController.swift in Sources */,
				8A7D47D91E22602D008669A6 /* CPViewController.swift in Sources */,
				8A7D47DD1E22AA07008669A6 /* PalpsViewController.swift in Sources */,
				8AD5B1131E1B4679002D3C0B /* UIButtonWInfo.swift in Sources */,
				8A6F16201ED69FE2004D0988 /* SentencePage.swift in Sources */,
			);
			runOnlyForDeploymentPostprocessing = 0;
		};
/* End PBXSourcesBuildPhase section */

/* Begin PBXVariantGroup section */
		8ADC63771D5304E100DBFAE9 /* Main.storyboard */ = {
			isa = PBXVariantGroup;
			children = (
				8ADC63781D5304E100DBFAE9 /* Base */,
			);
			name = Main.storyboard;
			sourceTree = "<group>";
		};
		8ADC637C1D5304E100DBFAE9 /* LaunchScreen.storyboard */ = {
			isa = PBXVariantGroup;
			children = (
				8ADC637D1D5304E100DBFAE9 /* Base */,
			);
			name = LaunchScreen.storyboard;
			sourceTree = "<group>";
		};
/* End PBXVariantGroup section */

/* Begin XCBuildConfiguration section */
		8ADC63801D5304E100DBFAE9 /* Debug */ = {
			isa = XCBuildConfiguration;
			buildSettings = {
				ALWAYS_SEARCH_USER_PATHS = NO;
				CLANG_ANALYZER_NONNULL = YES;
				CLANG_CXX_LANGUAGE_STANDARD = "gnu++0x";
				CLANG_CXX_LIBRARY = "libc++";
				CLANG_ENABLE_MODULES = YES;
				CLANG_ENABLE_OBJC_ARC = YES;
				CLANG_WARN_BOOL_CONVERSION = YES;
				CLANG_WARN_CONSTANT_CONVERSION = YES;
				CLANG_WARN_DIRECT_OBJC_ISA_USAGE = YES_ERROR;
				CLANG_WARN_EMPTY_BODY = YES;
				CLANG_WARN_ENUM_CONVERSION = YES;
				CLANG_WARN_INT_CONVERSION = YES;
				CLANG_WARN_OBJC_ROOT_CLASS = YES_ERROR;
				CLANG_WARN_UNREACHABLE_CODE = YES;
				CLANG_WARN__DUPLICATE_METHOD_MATCH = YES;
				"CODE_SIGN_IDENTITY[sdk=iphoneos*]" = "iPhone Developer";
				COPY_PHASE_STRIP = NO;
				DEBUG_INFORMATION_FORMAT = dwarf;
				ENABLE_STRICT_OBJC_MSGSEND = YES;
				ENABLE_TESTABILITY = YES;
				GCC_C_LANGUAGE_STANDARD = gnu99;
				GCC_DYNAMIC_NO_PIC = NO;
				GCC_NO_COMMON_BLOCKS = YES;
				GCC_OPTIMIZATION_LEVEL = 0;
				GCC_PREPROCESSOR_DEFINITIONS = (
					"DEBUG=1",
					"$(inherited)",
				);
				GCC_WARN_64_TO_32_BIT_CONVERSION = YES;
				GCC_WARN_ABOUT_RETURN_TYPE = YES_ERROR;
				GCC_WARN_UNDECLARED_SELECTOR = YES;
				GCC_WARN_UNINITIALIZED_AUTOS = YES_AGGRESSIVE;
				GCC_WARN_UNUSED_FUNCTION = YES;
				GCC_WARN_UNUSED_VARIABLE = YES;
				IPHONEOS_DEPLOYMENT_TARGET = 9.3;
				MTL_ENABLE_DEBUG_INFO = YES;
				ONLY_ACTIVE_ARCH = YES;
				SDKROOT = iphoneos;
				SWIFT_OPTIMIZATION_LEVEL = "-Onone";
			};
			name = Debug;
		};
		8ADC63811D5304E100DBFAE9 /* Release */ = {
			isa = XCBuildConfiguration;
			buildSettings = {
				ALWAYS_SEARCH_USER_PATHS = NO;
				CLANG_ANALYZER_NONNULL = YES;
				CLANG_CXX_LANGUAGE_STANDARD = "gnu++0x";
				CLANG_CXX_LIBRARY = "libc++";
				CLANG_ENABLE_MODULES = YES;
				CLANG_ENABLE_OBJC_ARC = YES;
				CLANG_WARN_BOOL_CONVERSION = YES;
				CLANG_WARN_CONSTANT_CONVERSION = YES;
				CLANG_WARN_DIRECT_OBJC_ISA_USAGE = YES_ERROR;
				CLANG_WARN_EMPTY_BODY = YES;
				CLANG_WARN_ENUM_CONVERSION = YES;
				CLANG_WARN_INT_CONVERSION = YES;
				CLANG_WARN_OBJC_ROOT_CLASS = YES_ERROR;
				CLANG_WARN_UNREACHABLE_CODE = YES;
				CLANG_WARN__DUPLICATE_METHOD_MATCH = YES;
				"CODE_SIGN_IDENTITY[sdk=iphoneos*]" = "iPhone Developer";
				COPY_PHASE_STRIP = NO;
				DEBUG_INFORMATION_FORMAT = "dwarf-with-dsym";
				ENABLE_NS_ASSERTIONS = NO;
				ENABLE_STRICT_OBJC_MSGSEND = YES;
				GCC_C_LANGUAGE_STANDARD = gnu99;
				GCC_NO_COMMON_BLOCKS = YES;
				GCC_WARN_64_TO_32_BIT_CONVERSION = YES;
				GCC_WARN_ABOUT_RETURN_TYPE = YES_ERROR;
				GCC_WARN_UNDECLARED_SELECTOR = YES;
				GCC_WARN_UNINITIALIZED_AUTOS = YES_AGGRESSIVE;
				GCC_WARN_UNUSED_FUNCTION = YES;
				GCC_WARN_UNUSED_VARIABLE = YES;
				IPHONEOS_DEPLOYMENT_TARGET = 9.3;
				MTL_ENABLE_DEBUG_INFO = NO;
				SDKROOT = iphoneos;
				VALIDATE_PRODUCT = YES;
			};
			name = Release;
		};
		8ADC63831D5304E100DBFAE9 /* Debug */ = {
			isa = XCBuildConfiguration;
			buildSettings = {
				ASSETCATALOG_COMPILER_APPICON_NAME = AppIcon;
				CODE_SIGN_IDENTITY = "iPhone Developer";
				"CODE_SIGN_IDENTITY[sdk=iphoneos*]" = "iPhone Developer";
				DEVELOPMENT_TEAM = 53AQUB9G3Q;
				INFOPLIST_FILE = PatientInterface/Info.plist;
				LD_RUNPATH_SEARCH_PATHS = "$(inherited) @executable_path/Frameworks";
				PRODUCT_BUNDLE_IDENTIFIER = com.KayNineApps.PatientInterface;
				PRODUCT_NAME = "$(TARGET_NAME)";
				PROVISIONING_PROFILE = "";
				PROVISIONING_PROFILE_SPECIFIER = "";
				SWIFT_VERSION = 3.0;
				TARGETED_DEVICE_FAMILY = 2;
			};
			name = Debug;
		};
		8ADC63841D5304E100DBFAE9 /* Release */ = {
			isa = XCBuildConfiguration;
			buildSettings = {
				ASSETCATALOG_COMPILER_APPICON_NAME = AppIcon;
				CODE_SIGN_IDENTITY = "iPhone Developer";
				"CODE_SIGN_IDENTITY[sdk=iphoneos*]" = "iPhone Developer";
				DEVELOPMENT_TEAM = 53AQUB9G3Q;
				INFOPLIST_FILE = PatientInterface/Info.plist;
				LD_RUNPATH_SEARCH_PATHS = "$(inherited) @executable_path/Frameworks";
				PRODUCT_BUNDLE_IDENTIFIER = com.KayNineApps.PatientInterface;
				PRODUCT_NAME = "$(TARGET_NAME)";
				PROVISIONING_PROFILE = "";
				PROVISIONING_PROFILE_SPECIFIER = "";
				SWIFT_VERSION = 3.0;
				TARGETED_DEVICE_FAMILY = 2;
			};
			name = Release;
		};
/* End XCBuildConfiguration section */

/* Begin XCConfigurationList section */
		8ADC63691D5304DF00DBFAE9 /* Build configuration list for PBXProject "PatientInterface" */ = {
			isa = XCConfigurationList;
			buildConfigurations = (
				8ADC63801D5304E100DBFAE9 /* Debug */,
				8ADC63811D5304E100DBFAE9 /* Release */,
			);
			defaultConfigurationIsVisible = 0;
			defaultConfigurationName = Release;
		};
		8ADC63821D5304E100DBFAE9 /* Build configuration list for PBXNativeTarget "PatientInterface" */ = {
			isa = XCConfigurationList;
			buildConfigurations = (
				8ADC63831D5304E100DBFAE9 /* Debug */,
				8ADC63841D5304E100DBFAE9 /* Release */,
			);
			defaultConfigurationIsVisible = 0;
			defaultConfigurationName = Release;
		};
/* End XCConfigurationList section */
	};
	rootObject = 8ADC63661D5304DF00DBFAE9 /* Project object */;
}
